
Microsoft Visual Studio Solution File, Format Version 12.00
# Visual Studio Version 16
VisualStudioVersion = 16.0.29709.97
MinimumVisualStudioVersion = 10.0.40219.1
Project("{FAE04EC0-301F-11D3-BF4B-00C04F79EFBC}") = "DotNetTechnicalTest_CurancyCalculator", "DotNetTechnicalTest_CurancyCalculator\DotNetTechnicalTest_CurancyCalculator.csproj", "{14895F8E-81E0-40CE-8085-6224AA1C7AD0}"
EndProject
Global
	GlobalSection(SolutionConfigurationPlatforms) = preSolution
		Debug|Any CPU = Debug|Any CPU
		Release|Any CPU = Release|Any CPU
	EndGlobalSection
	GlobalSection(ProjectConfigurationPlatforms) = postSolution
		{14895F8E-81E0-40CE-8085-6224AA1C7AD0}.Debug|Any CPU.ActiveCfg = Debug|Any CPU
		{14895F8E-81E0-40CE-8085-6224AA1C7AD0}.Debug|Any CPU.Build.0 = Debug|Any CPU
		{14895F8E-81E0-40CE-8085-6224AA1C7AD0}.Release|Any CPU.ActiveCfg = Release|Any CPU
		{14895F8E-81E0-40CE-8085-6224AA1C7AD0}.Release|Any CPU.Build.0 = Release|Any CPU
	EndGlobalSection
	GlobalSection(SolutionProperties) = preSolution
		HideSolutionNode = FALSE
	EndGlobalSection
	GlobalSection(ExtensibilityGlobals) = postSolution
		SolutionGuid = {A22D23C7-380B-4E5B-A90B-7A78A06D06A6}
	EndGlobalSection
EndGlobal
